
Microsoft Visual Studio Solution File, Format Version 12.00
Project("{FAE04EC0-301F-11D3-BF4B-00C04F79EFBC}") = "Asignmendt", "Asignmendt\Asignmendt.csproj", "{130F3879-4325-4203-893A-6137480F4A9A}"
EndProject
Global
	GlobalSection(SolutionConfigurationPlatforms) = preSolution
		Debug|Any CPU = Debug|Any CPU
		Release|Any CPU = Release|Any CPU
	EndGlobalSection
	GlobalSection(ProjectConfigurationPlatforms) = postSolution
		{130F3879-4325-4203-893A-6137480F4A9A}.Debug|Any CPU.ActiveCfg = Debug|Any CPU
		{130F3879-4325-4203-893A-6137480F4A9A}.Debug|Any CPU.Build.0 = Debug|Any CPU
		{130F3879-4325-4203-893A-6137480F4A9A}.Release|Any CPU.ActiveCfg = Release|Any CPU
		{130F3879-4325-4203-893A-6137480F4A9A}.Release|Any CPU.Build.0 = Release|Any CPU
	EndGlobalSection
EndGlobal
